
Microsoft Visual Studio Solution File, Format Version 12.00
# Visual Studio Version 17
VisualStudioVersion = 17.11.35327.3
MinimumVisualStudioVersion = 10.0.40219.1
Project("{FAE04EC0-301F-11D3-BF4B-00C04F79EFBC}") = "Program to Shuffle Playlist or Entire Music Library", "Program to Shuffle Playlist or Entire Music Library.csproj", "{96080A8B-F07D-4C8A-A7A3-1E984E9A26F7}"
EndProject
Global
	GlobalSection(SolutionConfigurationPlatforms) = preSolution
		Debug|Any CPU = Debug|Any CPU
		Release|Any CPU = Release|Any CPU
	EndGlobalSection
	GlobalSection(ProjectConfigurationPlatforms) = postSolution
		{96080A8B-F07D-4C8A-A7A3-1E984E9A26F7}.Debug|Any CPU.ActiveCfg = Debug|Any CPU
		{96080A8B-F07D-4C8A-A7A3-1E984E9A26F7}.Debug|Any CPU.Build.0 = Debug|Any CPU
		{96080A8B-F07D-4C8A-A7A3-1E984E9A26F7}.Release|Any CPU.ActiveCfg = Release|Any CPU
		{96080A8B-F07D-4C8A-A7A3-1E984E9A26F7}.Release|Any CPU.Build.0 = Release|Any CPU
	EndGlobalSection
	GlobalSection(SolutionProperties) = preSolution
		HideSolutionNode = FALSE
	EndGlobalSection
	GlobalSection(ExtensibilityGlobals) = postSolution
		SolutionGuid = {9EFF4C23-00FE-4476-B6FD-996697D486E3}
	EndGlobalSection
EndGlobal
